
Microsoft Visual Studio Solution File, Format Version 12.00
# Visual Studio Version 17
VisualStudioVersion = 17.8.34330.188
MinimumVisualStudioVersion = 10.0.40219.1
Project("{8BC9CEB8-8B4A-11D0-8D11-00A0C91BC942}") = "KojeomEngine", "KojeomEngine\KojeomEngine.vcxproj", "{A74BDD0C-A921-400E-BD87-B9C2225A9853}"
EndProject
Project("{8BC9CEB8-8B4A-11D0-8D11-00A0C91BC942}") = "Renderer", "Renderer\Renderer.vcxproj", "{B8449F69-BEC5-4A56-ABB4-F303EFCF9A69}"
EndProject
Global
	GlobalSection(SolutionConfigurationPlatforms) = preSolution
		Debug|x64 = Debug|x64
		Debug|x86 = Debug|x86
		Release|x64 = Release|x64
		Release|x86 = Release|x86
	EndGlobalSection
	GlobalSection(ProjectConfigurationPlatforms) = postSolution
		{A74BDD0C-A921-400E-BD87-B9C2225A9853}.Debug|x64.ActiveCfg = Debug|x64
		{A74BDD0C-A921-400E-BD87-B9C2225A9853}.Debug|x64.Build.0 = Debug|x64
		{A74BDD0C-A921-400E-BD87-B9C2225A9853}.Debug|x86.ActiveCfg = Debug|Win32
		{A74BDD0C-A921-400E-BD87-B9C2225A9853}.Debug|x86.Build.0 = Debug|Win32
		{A74BDD0C-A921-400E-BD87-B9C2225A9853}.Release|x64.ActiveCfg = Release|x64
		{A74BDD0C-A921-400E-BD87-B9C2225A9853}.Release|x64.Build.0 = Release|x64
		{A74BDD0C-A921-400E-BD87-B9C2225A9853}.Release|x86.ActiveCfg = Release|Win32
		{A74BDD0C-A921-400E-BD87-B9C2225A9853}.Release|x86.Build.0 = Release|Win32
		{B8449F69-BEC5-4A56-ABB4-F303EFCF9A69}.Debug|x64.ActiveCfg = Debug|x64
		{B8449F69-BEC5-4A56-ABB4-F303EFCF9A69}.Debug|x64.Build.0 = Debug|x64
		{B8449F69-BEC5-4A56-ABB4-F303EFCF9A69}.Debug|x86.ActiveCfg = Debug|Win32
		{B8449F69-BEC5-4A56-ABB4-F303EFCF9A69}.Debug|x86.Build.0 = Debug|Win32
		{B8449F69-BEC5-4A56-ABB4-F303EFCF9A69}.Release|x64.ActiveCfg = Release|x64
		{B8449F69-BEC5-4A56-ABB4-F303EFCF9A69}.Release|x64.Build.0 = Release|x64
		{B8449F69-BEC5-4A56-ABB4-F303EFCF9A69}.Release|x86.ActiveCfg = Release|Win32
		{B8449F69-BEC5-4A56-ABB4-F303EFCF9A69}.Release|x86.Build.0 = Release|Win32
	EndGlobalSection
	GlobalSection(SolutionProperties) = preSolution
		HideSolutionNode = FALSE
	EndGlobalSection
	GlobalSection(ExtensibilityGlobals) = postSolution
		SolutionGuid = {7A24E391-1684-4696-BB69-2794DD4D7C7F}
	EndGlobalSection
EndGlobal
