<?xml version="1.0" encoding="utf-8"?>
<Project ToolsVersion="4.0" xmlns="http://schemas.microsoft.com/developer/msbuild/2003">
  <ItemGroup>
    <ClCompile Include="main.cpp">
      <Filter>Source</Filter>
    </ClCompile>
    <ClCompile Include="RendererCore.cpp">
      <Filter>Source\Core</Filter>
    </ClCompile>
    <ClCompile Include="PrimitiveModel.cpp">
      <Filter>Source\Core\Model</Filter>
    </ClCompile>
    <ClCompile Include="ShaderModel.cpp">
      <Filter>Source\Core\Model</Filter>
    </ClCompile>
    <ClCompile Include="ModelBase.cpp" />
    <ClCompile Include="CTexture.cpp" />
  </ItemGroup>
  <ItemGroup>
    <Text Include="Info.txt" />
  </ItemGroup>
  <ItemGroup>
    <Filter Include="Source">
      <UniqueIdentifier>{1383426d-a8eb-4dca-8123-9bc22a12cb00}</UniqueIdentifier>
    </Filter>
    <Filter Include="Shader">
      <UniqueIdentifier>{87416936-0b9e-41fc-8f0b-aef1013da0da}</UniqueIdentifier>
    </Filter>
    <Filter Include="Source\Core">
      <UniqueIdentifier>{1fe38be7-a5b8-4588-91bb-aa9e4016dc9f}</UniqueIdentifier>
    </Filter>
    <Filter Include="DirectX">
      <UniqueIdentifier>{a7ac545b-f04a-4874-8528-1255c81ac818}</UniqueIdentifier>
    </Filter>
    <Filter Include="Source\Core\Model">
      <UniqueIdentifier>{7a1a9f68-dcf8-4592-93e9-8bfb121cde01}</UniqueIdentifier>
    </Filter>
    <Filter Include="Source\Core\Texture">
      <UniqueIdentifier>{78da7ab9-e174-4121-85ae-e16de8c00fa0}</UniqueIdentifier>
    </Filter>
  </ItemGroup>
  <ItemGroup>
    <ClInclude Include="RendererCore.h">
      <Filter>Source\Core</Filter>
    </ClInclude>
    <ClInclude Include="DXHeaderCollector.h">
      <Filter>DirectX</Filter>
    </ClInclude>
    <ClInclude Include="PrimitiveModel.h">
      <Filter>Source\Core\Model</Filter>
    </ClInclude>
    <ClInclude Include="ShaderModel.h">
      <Filter>Source\Core\Model</Filter>
    </ClInclude>
    <ClInclude Include="ModelBase.h" />
    <ClInclude Include="CTexture.h" />
  </ItemGroup>
  <ItemGroup>
    <None Include="TutorialShader.fxh">
      <Filter>Shader</Filter>
    </None>
  </ItemGroup>
</Project>